# generated by rye
# use `rye lock` or `rye sync` to update this lockfile
#
# last locked with the following flags:
#   pre: false
#   features: []
#   all-features: false
#   with-sources: false
#   generate-hashes: false
#   universal: true

-e file:.
annotated-types==0.7.0
    # via pydantic
colorama==0.4.6 ; sys_platform == 'win32'
    # via loguru
idna==3.7
    # via yarl
loguru==0.7.2
    # via nonebot2
multidict==6.0.5
    # via yarl
nonebot2==2.3.2
    # via nonebot-plugin-treehelp
pydantic==2.8.2
    # via nonebot2
pydantic-core==2.20.1
    # via pydantic
pygtrie==2.5.0
    # via nonebot2
python-dotenv==1.0.1
    # via nonebot2
typing-extensions==4.12.2
    # via nonebot2
    # via pydantic
    # via pydantic-core
win32-setctime==1.1.0 ; sys_platform == 'win32'
    # via loguru
yarl==1.9.4
    # via nonebot2
